
Microsoft Visual Studio Solution File, Format Version 12.00
# Visual Studio Version 17
VisualStudioVersion = 17.0.31903.59
MinimumVisualStudioVersion = 10.0.40219.1
Project("{2150E333-8FDC-42A3-9474-1A3956D46DE8}") = "src", "src", "{827E0CD3-B72D-47B6-A68D-7590B98EB39B}"
EndProject
Project("{FAE04EC0-301F-11D3-BF4B-00C04F79EFBC}") = "Recrd.Domain", "src\Recrd.Domain\Recrd.Domain.csproj", "{6486A2EC-BF35-4D26-8CF1-477EE2734A6C}"
EndProject
Project("{FAE04EC0-301F-11D3-BF4B-00C04F79EFBC}") = "Recrd.Application", "src\Recrd.Application\Recrd.Application.csproj", "{6EA8DA3A-D342-4B2B-94CD-2939A105E218}"
EndProject
Project("{FAE04EC0-301F-11D3-BF4B-00C04F79EFBC}") = "Recrd.Infrastructure", "src\Recrd.Infrastructure\Recrd.Infrastructure.csproj", "{7D9AA0D5-A00B-4134-9CB1-AFDF7692B44C}"
EndProject
Project("{FAE04EC0-301F-11D3-BF4B-00C04F79EFBC}") = "Recrd.App", "src\Recrd.App\Recrd.App.csproj", "{13C60E03-571B-47E6-B0E0-54AB587B2DDF}"
EndProject
Project("{2150E333-8FDC-42A3-9474-1A3956D46DE8}") = "tests", "tests", "{0AB3BF05-4346-4AA6-1389-037BE0695223}"
EndProject
Project("{FAE04EC0-301F-11D3-BF4B-00C04F79EFBC}") = "Recrd.Domain.Tests", "tests\Recrd.Domain.Tests\Recrd.Domain.Tests.csproj", "{2C6FE0C3-5776-4BE8-BD6F-1E931F87AD03}"
EndProject
Project("{FAE04EC0-301F-11D3-BF4B-00C04F79EFBC}") = "Recrd.Application.Tests", "tests\Recrd.Application.Tests\Recrd.Application.Tests.csproj", "{7A6F1F75-1D5C-4673-AEF3-6A67A288E38F}"
EndProject
Project("{FAE04EC0-301F-11D3-BF4B-00C04F79EFBC}") = "Recrd.Infrastructure.Tests", "tests\Recrd.Infrastructure.Tests\Recrd.Infrastructure.Tests.csproj", "{C9878DA7-45C6-42AB-9466-4655EFE17201}"
EndProject
Project("{FAE04EC0-301F-11D3-BF4B-00C04F79EFBC}") = "Recrd.UI.Tests", "tests\Recrd.UI.Tests\Recrd.UI.Tests.csproj", "{3221A2BB-6BCA-4F9C-9D4A-97F8FEA9ECFD}"
EndProject
Global
	GlobalSection(SolutionConfigurationPlatforms) = preSolution
		Debug|Any CPU = Debug|Any CPU
		Debug|x64 = Debug|x64
		Debug|x86 = Debug|x86
		Release|Any CPU = Release|Any CPU
		Release|x64 = Release|x64
		Release|x86 = Release|x86
	EndGlobalSection
	GlobalSection(ProjectConfigurationPlatforms) = postSolution
		{6486A2EC-BF35-4D26-8CF1-477EE2734A6C}.Debug|Any CPU.ActiveCfg = Debug|Any CPU
		{6486A2EC-BF35-4D26-8CF1-477EE2734A6C}.Debug|Any CPU.Build.0 = Debug|Any CPU
		{6486A2EC-BF35-4D26-8CF1-477EE2734A6C}.Debug|x64.ActiveCfg = Debug|Any CPU
		{6486A2EC-BF35-4D26-8CF1-477EE2734A6C}.Debug|x64.Build.0 = Debug|Any CPU
		{6486A2EC-BF35-4D26-8CF1-477EE2734A6C}.Debug|x86.ActiveCfg = Debug|Any CPU
		{6486A2EC-BF35-4D26-8CF1-477EE2734A6C}.Debug|x86.Build.0 = Debug|Any CPU
		{6486A2EC-BF35-4D26-8CF1-477EE2734A6C}.Release|Any CPU.ActiveCfg = Release|Any CPU
		{6486A2EC-BF35-4D26-8CF1-477EE2734A6C}.Release|Any CPU.Build.0 = Release|Any CPU
		{6486A2EC-BF35-4D26-8CF1-477EE2734A6C}.Release|x64.ActiveCfg = Release|Any CPU
		{6486A2EC-BF35-4D26-8CF1-477EE2734A6C}.Release|x64.Build.0 = Release|Any CPU
		{6486A2EC-BF35-4D26-8CF1-477EE2734A6C}.Release|x86.ActiveCfg = Release|Any CPU
		{6486A2EC-BF35-4D26-8CF1-477EE2734A6C}.Release|x86.Build.0 = Release|Any CPU
		{6EA8DA3A-D342-4B2B-94CD-2939A105E218}.Debug|Any CPU.ActiveCfg = Debug|Any CPU
		{6EA8DA3A-D342-4B2B-94CD-2939A105E218}.Debug|Any CPU.Build.0 = Debug|Any CPU
		{6EA8DA3A-D342-4B2B-94CD-2939A105E218}.Debug|x64.ActiveCfg = Debug|Any CPU
		{6EA8DA3A-D342-4B2B-94CD-2939A105E218}.Debug|x64.Build.0 = Debug|Any CPU
		{6EA8DA3A-D342-4B2B-94CD-2939A105E218}.Debug|x86.ActiveCfg = Debug|Any CPU
		{6EA8DA3A-D342-4B2B-94CD-2939A105E218}.Debug|x86.Build.0 = Debug|Any CPU
		{6EA8DA3A-D342-4B2B-94CD-2939A105E218}.Release|Any CPU.ActiveCfg = Release|Any CPU
		{6EA8DA3A-D342-4B2B-94CD-2939A105E218}.Release|Any CPU.Build.0 = Release|Any CPU
		{6EA8DA3A-D342-4B2B-94CD-2939A105E218}.Release|x64.ActiveCfg = Release|Any CPU
		{6EA8DA3A-D342-4B2B-94CD-2939A105E218}.Release|x64.Build.0 = Release|Any CPU
		{6EA8DA3A-D342-4B2B-94CD-2939A105E218}.Release|x86.ActiveCfg = Release|Any CPU
		{6EA8DA3A-D342-4B2B-94CD-2939A105E218}.Release|x86.Build.0 = Release|Any CPU
		{7D9AA0D5-A00B-4134-9CB1-AFDF7692B44C}.Debug|Any CPU.ActiveCfg = Debug|Any CPU
		{7D9AA0D5-A00B-4134-9CB1-AFDF7692B44C}.Debug|Any CPU.Build.0 = Debug|Any CPU
		{7D9AA0D5-A00B-4134-9CB1-AFDF7692B44C}.Debug|x64.ActiveCfg = Debug|Any CPU
		{7D9AA0D5-A00B-4134-9CB1-AFDF7692B44C}.Debug|x64.Build.0 = Debug|Any CPU
		{7D9AA0D5-A00B-4134-9CB1-AFDF7692B44C}.Debug|x86.ActiveCfg = Debug|Any CPU
		{7D9AA0D5-A00B-4134-9CB1-AFDF7692B44C}.Debug|x86.Build.0 = Debug|Any CPU
		{7D9AA0D5-A00B-4134-9CB1-AFDF7692B44C}.Release|Any CPU.ActiveCfg = Release|Any CPU
		{7D9AA0D5-A00B-4134-9CB1-AFDF7692B44C}.Release|Any CPU.Build.0 = Release|Any CPU
		{7D9AA0D5-A00B-4134-9CB1-AFDF7692B44C}.Release|x64.ActiveCfg = Release|Any CPU
		{7D9AA0D5-A00B-4134-9CB1-AFDF7692B44C}.Release|x64.Build.0 = Release|Any CPU
		{7D9AA0D5-A00B-4134-9CB1-AFDF7692B44C}.Release|x86.ActiveCfg = Release|Any CPU
		{7D9AA0D5-A00B-4134-9CB1-AFDF7692B44C}.Release|x86.Build.0 = Release|Any CPU
		{13C60E03-571B-47E6-B0E0-54AB587B2DDF}.Debug|Any CPU.ActiveCfg = Debug|Any CPU
		{13C60E03-571B-47E6-B0E0-54AB587B2DDF}.Debug|Any CPU.Build.0 = Debug|Any CPU
		{13C60E03-571B-47E6-B0E0-54AB587B2DDF}.Debug|x64.ActiveCfg = Debug|Any CPU
		{13C60E03-571B-47E6-B0E0-54AB587B2DDF}.Debug|x64.Build.0 = Debug|Any CPU
		{13C60E03-571B-47E6-B0E0-54AB587B2DDF}.Debug|x86.ActiveCfg = Debug|Any CPU
		{13C60E03-571B-47E6-B0E0-54AB587B2DDF}.Debug|x86.Build.0 = Debug|Any CPU
		{13C60E03-571B-47E6-B0E0-54AB587B2DDF}.Release|Any CPU.ActiveCfg = Release|Any CPU
		{13C60E03-571B-47E6-B0E0-54AB587B2DDF}.Release|Any CPU.Build.0 = Release|Any CPU
		{13C60E03-571B-47E6-B0E0-54AB587B2DDF}.Release|x64.ActiveCfg = Release|Any CPU
		{13C60E03-571B-47E6-B0E0-54AB587B2DDF}.Release|x64.Build.0 = Release|Any CPU
		{13C60E03-571B-47E6-B0E0-54AB587B2DDF}.Release|x86.ActiveCfg = Release|Any CPU
		{13C60E03-571B-47E6-B0E0-54AB587B2DDF}.Release|x86.Build.0 = Release|Any CPU
		{2C6FE0C3-5776-4BE8-BD6F-1E931F87AD03}.Debug|Any CPU.ActiveCfg = Debug|Any CPU
		{2C6FE0C3-5776-4BE8-BD6F-1E931F87AD03}.Debug|Any CPU.Build.0 = Debug|Any CPU
		{2C6FE0C3-5776-4BE8-BD6F-1E931F87AD03}.Debug|x64.ActiveCfg = Debug|Any CPU
		{2C6FE0C3-5776-4BE8-BD6F-1E931F87AD03}.Debug|x64.Build.0 = Debug|Any CPU
		{2C6FE0C3-5776-4BE8-BD6F-1E931F87AD03}.Debug|x86.ActiveCfg = Debug|Any CPU
		{2C6FE0C3-5776-4BE8-BD6F-1E931F87AD03}.Debug|x86.Build.0 = Debug|Any CPU
		{2C6FE0C3-5776-4BE8-BD6F-1E931F87AD03}.Release|Any CPU.ActiveCfg = Release|Any CPU
		{2C6FE0C3-5776-4BE8-BD6F-1E931F87AD03}.Release|Any CPU.Build.0 = Release|Any CPU
		{2C6FE0C3-5776-4BE8-BD6F-1E931F87AD03}.Release|x64.ActiveCfg = Release|Any CPU
		{2C6FE0C3-5776-4BE8-BD6F-1E931F87AD03}.Release|x64.Build.0 = Release|Any CPU
		{2C6FE0C3-5776-4BE8-BD6F-1E931F87AD03}.Release|x86.ActiveCfg = Release|Any CPU
		{2C6FE0C3-5776-4BE8-BD6F-1E931F87AD03}.Release|x86.Build.0 = Release|Any CPU
		{7A6F1F75-1D5C-4673-AEF3-6A67A288E38F}.Debug|Any CPU.ActiveCfg = Debug|Any CPU
		{7A6F1F75-1D5C-4673-AEF3-6A67A288E38F}.Debug|Any CPU.Build.0 = Debug|Any CPU
		{7A6F1F75-1D5C-4673-AEF3-6A67A288E38F}.Debug|x64.ActiveCfg = Debug|Any CPU
		{7A6F1F75-1D5C-4673-AEF3-6A67A288E38F}.Debug|x64.Build.0 = Debug|Any CPU
		{7A6F1F75-1D5C-4673-AEF3-6A67A288E38F}.Debug|x86.ActiveCfg = Debug|Any CPU
		{7A6F1F75-1D5C-4673-AEF3-6A67A288E38F}.Debug|x86.Build.0 = Debug|Any CPU
		{7A6F1F75-1D5C-4673-AEF3-6A67A288E38F}.Release|Any CPU.ActiveCfg = Release|Any CPU
		{7A6F1F75-1D5C-4673-AEF3-6A67A288E38F}.Release|Any CPU.Build.0 = Release|Any CPU
		{7A6F1F75-1D5C-4673-AEF3-6A67A288E38F}.Release|x64.ActiveCfg = Release|Any CPU
		{7A6F1F75-1D5C-4673-AEF3-6A67A288E38F}.Release|x64.Build.0 = Release|Any CPU
		{7A6F1F75-1D5C-4673-AEF3-6A67A288E38F}.Release|x86.ActiveCfg = Release|Any CPU
		{7A6F1F75-1D5C-4673-AEF3-6A67A288E38F}.Release|x86.Build.0 = Release|Any CPU
		{C9878DA7-45C6-42AB-9466-4655EFE17201}.Debug|Any CPU.ActiveCfg = Debug|Any CPU
		{C9878DA7-45C6-42AB-9466-4655EFE17201}.Debug|Any CPU.Build.0 = Debug|Any CPU
		{C9878DA7-45C6-42AB-9466-4655EFE17201}.Debug|x64.ActiveCfg = Debug|Any CPU
		{C9878DA7-45C6-42AB-9466-4655EFE17201}.Debug|x64.Build.0 = Debug|Any CPU
		{C9878DA7-45C6-42AB-9466-4655EFE17201}.Debug|x86.ActiveCfg = Debug|Any CPU
		{C9878DA7-45C6-42AB-9466-4655EFE17201}.Debug|x86.Build.0 = Debug|Any CPU
		{C9878DA7-45C6-42AB-9466-4655EFE17201}.Release|Any CPU.ActiveCfg = Release|Any CPU
		{C9878DA7-45C6-42AB-9466-4655EFE17201}.Release|Any CPU.Build.0 = Release|Any CPU
		{C9878DA7-45C6-42AB-9466-4655EFE17201}.Release|x64.ActiveCfg = Release|Any CPU
		{C9878DA7-45C6-42AB-9466-4655EFE17201}.Release|x64.Build.0 = Release|Any CPU
		{C9878DA7-45C6-42AB-9466-4655EFE17201}.Release|x86.ActiveCfg = Release|Any CPU
		{C9878DA7-45C6-42AB-9466-4655EFE17201}.Release|x86.Build.0 = Release|Any CPU
		{3221A2BB-6BCA-4F9C-9D4A-97F8FEA9ECFD}.Debug|Any CPU.ActiveCfg = Debug|Any CPU
		{3221A2BB-6BCA-4F9C-9D4A-97F8FEA9ECFD}.Debug|Any CPU.Build.0 = Debug|Any CPU
		{3221A2BB-6BCA-4F9C-9D4A-97F8FEA9ECFD}.Debug|x64.ActiveCfg = Debug|Any CPU
		{3221A2BB-6BCA-4F9C-9D4A-97F8FEA9ECFD}.Debug|x64.Build.0 = Debug|Any CPU
		{3221A2BB-6BCA-4F9C-9D4A-97F8FEA9ECFD}.Debug|x86.ActiveCfg = Debug|Any CPU
		{3221A2BB-6BCA-4F9C-9D4A-97F8FEA9ECFD}.Debug|x86.Build.0 = Debug|Any CPU
		{3221A2BB-6BCA-4F9C-9D4A-97F8FEA9ECFD}.Release|Any CPU.ActiveCfg = Release|Any CPU
		{3221A2BB-6BCA-4F9C-9D4A-97F8FEA9ECFD}.Release|Any CPU.Build.0 = Release|Any CPU
		{3221A2BB-6BCA-4F9C-9D4A-97F8FEA9ECFD}.Release|x64.ActiveCfg = Release|Any CPU
		{3221A2BB-6BCA-4F9C-9D4A-97F8FEA9ECFD}.Release|x64.Build.0 = Release|Any CPU
		{3221A2BB-6BCA-4F9C-9D4A-97F8FEA9ECFD}.Release|x86.ActiveCfg = Release|Any CPU
		{3221A2BB-6BCA-4F9C-9D4A-97F8FEA9ECFD}.Release|x86.Build.0 = Release|Any CPU
	EndGlobalSection
	GlobalSection(SolutionProperties) = preSolution
		HideSolutionNode = FALSE
	EndGlobalSection
	GlobalSection(NestedProjects) = preSolution
		{6486A2EC-BF35-4D26-8CF1-477EE2734A6C} = {827E0CD3-B72D-47B6-A68D-7590B98EB39B}
		{6EA8DA3A-D342-4B2B-94CD-2939A105E218} = {827E0CD3-B72D-47B6-A68D-7590B98EB39B}
		{7D9AA0D5-A00B-4134-9CB1-AFDF7692B44C} = {827E0CD3-B72D-47B6-A68D-7590B98EB39B}
		{13C60E03-571B-47E6-B0E0-54AB587B2DDF} = {827E0CD3-B72D-47B6-A68D-7590B98EB39B}
		{2C6FE0C3-5776-4BE8-BD6F-1E931F87AD03} = {0AB3BF05-4346-4AA6-1389-037BE0695223}
		{7A6F1F75-1D5C-4673-AEF3-6A67A288E38F} = {0AB3BF05-4346-4AA6-1389-037BE0695223}
		{C9878DA7-45C6-42AB-9466-4655EFE17201} = {0AB3BF05-4346-4AA6-1389-037BE0695223}
		{3221A2BB-6BCA-4F9C-9D4A-97F8FEA9ECFD} = {0AB3BF05-4346-4AA6-1389-037BE0695223}
	EndGlobalSection
EndGlobal
